
Microsoft Visual Studio Solution File, Format Version 12.00
# Visual Studio 15
VisualStudioVersion = 15.0.26403.0
MinimumVisualStudioVersion = 10.0.40219.1
Project("{FAE04EC0-301F-11D3-BF4B-00C04F79EFBC}") = "Cwiczenie1", "Cwiczenie1\Cwiczenie1.csproj", "{AA79F129-5923-496D-905F-4CB08D38AD2C}"
EndProject
Global
	GlobalSection(SolutionConfigurationPlatforms) = preSolution
		Debug|Any CPU = Debug|Any CPU
		Release|Any CPU = Release|Any CPU
	EndGlobalSection
	GlobalSection(ProjectConfigurationPlatforms) = postSolution
		{AA79F129-5923-496D-905F-4CB08D38AD2C}.Debug|Any CPU.ActiveCfg = Debug|Any CPU
		{AA79F129-5923-496D-905F-4CB08D38AD2C}.Debug|Any CPU.Build.0 = Debug|Any CPU
		{AA79F129-5923-496D-905F-4CB08D38AD2C}.Release|Any CPU.ActiveCfg = Release|Any CPU
		{AA79F129-5923-496D-905F-4CB08D38AD2C}.Release|Any CPU.Build.0 = Release|Any CPU
	EndGlobalSection
	GlobalSection(SolutionProperties) = preSolution
		HideSolutionNode = FALSE
	EndGlobalSection
EndGlobal
