
Microsoft Visual Studio Solution File, Format Version 12.00
# Visual Studio 15
VisualStudioVersion = 15.0.26403.0
MinimumVisualStudioVersion = 10.0.40219.1
Project("{FAE04EC0-301F-11D3-BF4B-00C04F79EFBC}") = "Cwiczenie1", "Cwiczenie1\Cwiczenie1.csproj", "{AA79F129-5923-496D-905F-4CB08D38AD2C}"
EndProject
Project("{FAE04EC0-301F-11D3-BF4B-00C04F79EFBC}") = "Cwiczenie1.ConsoleApp", "Cwiczenie1.Console\Cwiczenie1.ConsoleApp.csproj", "{2E4B2FFF-8669-4882-A91E-241BF305824A}"
EndProject
Project("{FAE04EC0-301F-11D3-BF4B-00C04F79EFBC}") = "Cwiczenie1.Tests", "Cwiczenie1.Tests\Cwiczenie1.Tests.csproj", "{8B9FADF1-9F0A-4B42-83B7-22C086055A8A}"
EndProject
Global
	GlobalSection(SolutionConfigurationPlatforms) = preSolution
		Debug|Any CPU = Debug|Any CPU
		Release|Any CPU = Release|Any CPU
	EndGlobalSection
	GlobalSection(ProjectConfigurationPlatforms) = postSolution
		{AA79F129-5923-496D-905F-4CB08D38AD2C}.Debug|Any CPU.ActiveCfg = Debug|Any CPU
		{AA79F129-5923-496D-905F-4CB08D38AD2C}.Debug|Any CPU.Build.0 = Debug|Any CPU
		{AA79F129-5923-496D-905F-4CB08D38AD2C}.Release|Any CPU.ActiveCfg = Release|Any CPU
		{AA79F129-5923-496D-905F-4CB08D38AD2C}.Release|Any CPU.Build.0 = Release|Any CPU
		{2E4B2FFF-8669-4882-A91E-241BF305824A}.Debug|Any CPU.ActiveCfg = Debug|Any CPU
		{2E4B2FFF-8669-4882-A91E-241BF305824A}.Debug|Any CPU.Build.0 = Debug|Any CPU
		{2E4B2FFF-8669-4882-A91E-241BF305824A}.Release|Any CPU.ActiveCfg = Release|Any CPU
		{2E4B2FFF-8669-4882-A91E-241BF305824A}.Release|Any CPU.Build.0 = Release|Any CPU
		{8B9FADF1-9F0A-4B42-83B7-22C086055A8A}.Debug|Any CPU.ActiveCfg = Debug|Any CPU
		{8B9FADF1-9F0A-4B42-83B7-22C086055A8A}.Debug|Any CPU.Build.0 = Debug|Any CPU
		{8B9FADF1-9F0A-4B42-83B7-22C086055A8A}.Release|Any CPU.ActiveCfg = Release|Any CPU
		{8B9FADF1-9F0A-4B42-83B7-22C086055A8A}.Release|Any CPU.Build.0 = Release|Any CPU
	EndGlobalSection
	GlobalSection(SolutionProperties) = preSolution
		HideSolutionNode = FALSE
	EndGlobalSection
EndGlobal
